// !$*UTF8*$!
{
	archiveVersion = 1;
	classes = {
	};
	objectVersion = 55;
	objects = {

/* Begin PBXBuildFile section */
		2E7E9148C96288B626B2F0C8 /* Pods_Weather_WeatherUITests.framework in Frameworks */ = {isa = PBXBuildFile; fileRef = 4CA1A6078E1F561FA63210BC /* Pods_Weather_WeatherUITests.framework */; };
		4A67755827D1496600BF6365 /* AppDelegate.swift in Sources */ = {isa = PBXBuildFile; fileRef = 4A67755727D1496600BF6365 /* AppDelegate.swift */; };
		4A67755A27D1496600BF6365 /* SceneDelegate.swift in Sources */ = {isa = PBXBuildFile; fileRef = 4A67755927D1496600BF6365 /* SceneDelegate.swift */; };
		4A67755F27D1496600BF6365 /* Main.storyboard in Resources */ = {isa = PBXBuildFile; fileRef = 4A67755D27D1496600BF6365 /* Main.storyboard */; };
		4A67756227D1496600BF6365 /* Weather.xcdatamodeld in Sources */ = {isa = PBXBuildFile; fileRef = 4A67756027D1496600BF6365 /* Weather.xcdatamodeld */; };
		4A67756427D1496800BF6365 /* Assets.xcassets in Resources */ = {isa = PBXBuildFile; fileRef = 4A67756327D1496800BF6365 /* Assets.xcassets */; };
		4A67756727D1496800BF6365 /* LaunchScreen.storyboard in Resources */ = {isa = PBXBuildFile; fileRef = 4A67756527D1496800BF6365 /* LaunchScreen.storyboard */; };
		4A67757227D1496900BF6365 /* WeatherTests.swift in Sources */ = {isa = PBXBuildFile; fileRef = 4A67757127D1496900BF6365 /* WeatherTests.swift */; };
		4A67757C27D1496900BF6365 /* WeatherUITests.swift in Sources */ = {isa = PBXBuildFile; fileRef = 4A67757B27D1496900BF6365 /* WeatherUITests.swift */; };
		4A67757E27D1496900BF6365 /* WeatherUITestsLaunchTests.swift in Sources */ = {isa = PBXBuildFile; fileRef = 4A67757D27D1496900BF6365 /* WeatherUITestsLaunchTests.swift */; };
		4A67759027D14AB100BF6365 /* MainViewController.swift in Sources */ = {isa = PBXBuildFile; fileRef = 4A67758E27D14AB100BF6365 /* MainViewController.swift */; };
		4A67759127D14AB100BF6365 /* MainViewController.xib in Resources */ = {isa = PBXBuildFile; fileRef = 4A67758F27D14AB100BF6365 /* MainViewController.xib */; };
		4A67759327D14B0B00BF6365 /* MainViewControllerConstraints.swift in Sources */ = {isa = PBXBuildFile; fileRef = 4A67759227D14B0B00BF6365 /* MainViewControllerConstraints.swift */; };
		4A67759527D14B4C00BF6365 /* MainSession.swift in Sources */ = {isa = PBXBuildFile; fileRef = 4A67759427D14B4C00BF6365 /* MainSession.swift */; };
		4A67759727D14B7000BF6365 /* MainView+Logic.swift in Sources */ = {isa = PBXBuildFile; fileRef = 4A67759627D14B7000BF6365 /* MainView+Logic.swift */; };
		4A67759A27D14BAD00BF6365 /* WeatherForecastCollectionViewCell.swift in Sources */ = {isa = PBXBuildFile; fileRef = 4A67759827D14BAD00BF6365 /* WeatherForecastCollectionViewCell.swift */; };
		4A67759B27D14BAD00BF6365 /* WeatherForecastCollectionViewCell.xib in Resources */ = {isa = PBXBuildFile; fileRef = 4A67759927D14BAD00BF6365 /* WeatherForecastCollectionViewCell.xib */; };
		4A67759D27D14BD200BF6365 /* WeatherForecastConstraints.swift in Sources */ = {isa = PBXBuildFile; fileRef = 4A67759C27D14BD200BF6365 /* WeatherForecastConstraints.swift */; };
		4A6775A027D14C0600BF6365 /* WeatherForecast.swift in Sources */ = {isa = PBXBuildFile; fileRef = 4A67759F27D14C0600BF6365 /* WeatherForecast.swift */; };
		4A6775A227D14C2200BF6365 /* OpenWeather.swift in Sources */ = {isa = PBXBuildFile; fileRef = 4A6775A127D14C2200BF6365 /* OpenWeather.swift */; };
		4E6CBD7EE963FBC13A39C471 /* Pods_Weather.framework in Frameworks */ = {isa = PBXBuildFile; fileRef = 8F06D4C28FEE4BEDCFE454B8 /* Pods_Weather.framework */; };
		7D55C9A7CE56416305D4D42E /* Pods_WeatherTests.framework in Frameworks */ = {isa = PBXBuildFile; fileRef = 7D2852179051E612D648261C /* Pods_WeatherTests.framework */; };
/* End PBXBuildFile section */

/* Begin PBXContainerItemProxy section */
		4A67756E27D1496900BF6365 /* PBXContainerItemProxy */ = {
			isa = PBXContainerItemProxy;
			containerPortal = 4A67754C27D1496600BF6365 /* Project object */;
			proxyType = 1;
			remoteGlobalIDString = 4A67755327D1496600BF6365;
			remoteInfo = Weather;
		};
		4A67757827D1496900BF6365 /* PBXContainerItemProxy */ = {
			isa = PBXContainerItemProxy;
			containerPortal = 4A67754C27D1496600BF6365 /* Project object */;
			proxyType = 1;
			remoteGlobalIDString = 4A67755327D1496600BF6365;
			remoteInfo = Weather;
		};
/* End PBXContainerItemProxy section */

/* Begin PBXFileReference section */
		4A67755427D1496600BF6365 /* Weather.app */ = {isa = PBXFileReference; explicitFileType = wrapper.application; includeInIndex = 0; path = Weather.app; sourceTree = BUILT_PRODUCTS_DIR; };
		4A67755727D1496600BF6365 /* AppDelegate.swift */ = {isa = PBXFileReference; lastKnownFileType = sourcecode.swift; path = AppDelegate.swift; sourceTree = "<group>"; };
		4A67755927D1496600BF6365 /* SceneDelegate.swift */ = {isa = PBXFileReference; lastKnownFileType = sourcecode.swift; path = SceneDelegate.swift; sourceTree = "<group>"; };
		4A67755E27D1496600BF6365 /* Base */ = {isa = PBXFileReference; lastKnownFileType = file.storyboard; name = Base; path = Base.lproj/Main.storyboard; sourceTree = "<group>"; };
		4A67756127D1496600BF6365 /* Weather.xcdatamodel */ = {isa = PBXFileReference; lastKnownFileType = wrapper.xcdatamodel; path = Weather.xcdatamodel; sourceTree = "<group>"; };
		4A67756327D1496800BF6365 /* Assets.xcassets */ = {isa = PBXFileReference; lastKnownFileType = folder.assetcatalog; path = Assets.xcassets; sourceTree = "<group>"; };
		4A67756627D1496800BF6365 /* Base */ = {isa = PBXFileReference; lastKnownFileType = file.storyboard; name = Base; path = Base.lproj/LaunchScreen.storyboard; sourceTree = "<group>"; };
		4A67756827D1496800BF6365 /* Info.plist */ = {isa = PBXFileReference; lastKnownFileType = text.plist.xml; path = Info.plist; sourceTree = "<group>"; };
		4A67756D27D1496900BF6365 /* WeatherTests.xctest */ = {isa = PBXFileReference; explicitFileType = wrapper.cfbundle; includeInIndex = 0; path = WeatherTests.xctest; sourceTree = BUILT_PRODUCTS_DIR; };
		4A67757127D1496900BF6365 /* WeatherTests.swift */ = {isa = PBXFileReference; lastKnownFileType = sourcecode.swift; path = WeatherTests.swift; sourceTree = "<group>"; };
		4A67757727D1496900BF6365 /* WeatherUITests.xctest */ = {isa = PBXFileReference; explicitFileType = wrapper.cfbundle; includeInIndex = 0; path = WeatherUITests.xctest; sourceTree = BUILT_PRODUCTS_DIR; };
		4A67757B27D1496900BF6365 /* WeatherUITests.swift */ = {isa = PBXFileReference; lastKnownFileType = sourcecode.swift; path = WeatherUITests.swift; sourceTree = "<group>"; };
		4A67757D27D1496900BF6365 /* WeatherUITestsLaunchTests.swift */ = {isa = PBXFileReference; lastKnownFileType = sourcecode.swift; path = WeatherUITestsLaunchTests.swift; sourceTree = "<group>"; };
		4A67758E27D14AB100BF6365 /* MainViewController.swift */ = {isa = PBXFileReference; lastKnownFileType = sourcecode.swift; path = MainViewController.swift; sourceTree = "<group>"; };
		4A67758F27D14AB100BF6365 /* MainViewController.xib */ = {isa = PBXFileReference; lastKnownFileType = file.xib; path = MainViewController.xib; sourceTree = "<group>"; };
		4A67759227D14B0B00BF6365 /* MainViewControllerConstraints.swift */ = {isa = PBXFileReference; lastKnownFileType = sourcecode.swift; path = MainViewControllerConstraints.swift; sourceTree = "<group>"; };
		4A67759427D14B4C00BF6365 /* MainSession.swift */ = {isa = PBXFileReference; lastKnownFileType = sourcecode.swift; path = MainSession.swift; sourceTree = "<group>"; };
		4A67759627D14B7000BF6365 /* MainView+Logic.swift */ = {isa = PBXFileReference; lastKnownFileType = sourcecode.swift; path = "MainView+Logic.swift"; sourceTree = "<group>"; };
		4A67759827D14BAD00BF6365 /* WeatherForecastCollectionViewCell.swift */ = {isa = PBXFileReference; lastKnownFileType = sourcecode.swift; path = WeatherForecastCollectionViewCell.swift; sourceTree = "<group>"; };
		4A67759927D14BAD00BF6365 /* WeatherForecastCollectionViewCell.xib */ = {isa = PBXFileReference; lastKnownFileType = file.xib; path = WeatherForecastCollectionViewCell.xib; sourceTree = "<group>"; };
		4A67759C27D14BD200BF6365 /* WeatherForecastConstraints.swift */ = {isa = PBXFileReference; lastKnownFileType = sourcecode.swift; path = WeatherForecastConstraints.swift; sourceTree = "<group>"; };
		4A67759F27D14C0600BF6365 /* WeatherForecast.swift */ = {isa = PBXFileReference; lastKnownFileType = sourcecode.swift; path = WeatherForecast.swift; sourceTree = "<group>"; };
		4A6775A127D14C2200BF6365 /* OpenWeather.swift */ = {isa = PBXFileReference; lastKnownFileType = sourcecode.swift; path = OpenWeather.swift; sourceTree = "<group>"; };
		4CA1A6078E1F561FA63210BC /* Pods_Weather_WeatherUITests.framework */ = {isa = PBXFileReference; explicitFileType = wrapper.framework; includeInIndex = 0; path = Pods_Weather_WeatherUITests.framework; sourceTree = BUILT_PRODUCTS_DIR; };
		747BD2FD8529A4791382AE85 /* Pods-Weather-WeatherUITests.release.xcconfig */ = {isa = PBXFileReference; includeInIndex = 1; lastKnownFileType = text.xcconfig; name = "Pods-Weather-WeatherUITests.release.xcconfig"; path = "Target Support Files/Pods-Weather-WeatherUITests/Pods-Weather-WeatherUITests.release.xcconfig"; sourceTree = "<group>"; };
		7C95E123E6CA636B2CF5C5D8 /* Pods-Weather.release.xcconfig */ = {isa = PBXFileReference; includeInIndex = 1; lastKnownFileType = text.xcconfig; name = "Pods-Weather.release.xcconfig"; path = "Target Support Files/Pods-Weather/Pods-Weather.release.xcconfig"; sourceTree = "<group>"; };
		7D2852179051E612D648261C /* Pods_WeatherTests.framework */ = {isa = PBXFileReference; explicitFileType = wrapper.framework; includeInIndex = 0; path = Pods_WeatherTests.framework; sourceTree = BUILT_PRODUCTS_DIR; };
		82D3A6CA9ACD2C0A6BD1A9EE /* Pods-WeatherTests.release.xcconfig */ = {isa = PBXFileReference; includeInIndex = 1; lastKnownFileType = text.xcconfig; name = "Pods-WeatherTests.release.xcconfig"; path = "Target Support Files/Pods-WeatherTests/Pods-WeatherTests.release.xcconfig"; sourceTree = "<group>"; };
		8A78D2E325F388C3A9AA50C2 /* Pods-Weather-WeatherUITests.debug.xcconfig */ = {isa = PBXFileReference; includeInIndex = 1; lastKnownFileType = text.xcconfig; name = "Pods-Weather-WeatherUITests.debug.xcconfig"; path = "Target Support Files/Pods-Weather-WeatherUITests/Pods-Weather-WeatherUITests.debug.xcconfig"; sourceTree = "<group>"; };
		8F06D4C28FEE4BEDCFE454B8 /* Pods_Weather.framework */ = {isa = PBXFileReference; explicitFileType = wrapper.framework; includeInIndex = 0; path = Pods_Weather.framework; sourceTree = BUILT_PRODUCTS_DIR; };
		9241A6C652ED0B8321024660 /* Pods-Weather.debug.xcconfig */ = {isa = PBXFileReference; includeInIndex = 1; lastKnownFileType = text.xcconfig; name = "Pods-Weather.debug.xcconfig"; path = "Target Support Files/Pods-Weather/Pods-Weather.debug.xcconfig"; sourceTree = "<group>"; };
		B5E72475F624B3D165171EC3 /* Pods-WeatherTests.debug.xcconfig */ = {isa = PBXFileReference; includeInIndex = 1; lastKnownFileType = text.xcconfig; name = "Pods-WeatherTests.debug.xcconfig"; path = "Target Support Files/Pods-WeatherTests/Pods-WeatherTests.debug.xcconfig"; sourceTree = "<group>"; };
/* End PBXFileReference section */

/* Begin PBXFrameworksBuildPhase section */
		4A67755127D1496600BF6365 /* Frameworks */ = {
			isa = PBXFrameworksBuildPhase;
			buildActionMask = 2147483647;
			files = (
				4E6CBD7EE963FBC13A39C471 /* Pods_Weather.framework in Frameworks */,
			);
			runOnlyForDeploymentPostprocessing = 0;
		};
		4A67756A27D1496900BF6365 /* Frameworks */ = {
			isa = PBXFrameworksBuildPhase;
			buildActionMask = 2147483647;
			files = (
				7D55C9A7CE56416305D4D42E /* Pods_WeatherTests.framework in Frameworks */,
			);
			runOnlyForDeploymentPostprocessing = 0;
		};
		4A67757427D1496900BF6365 /* Frameworks */ = {
			isa = PBXFrameworksBuildPhase;
			buildActionMask = 2147483647;
			files = (
				2E7E9148C96288B626B2F0C8 /* Pods_Weather_WeatherUITests.framework in Frameworks */,
			);
			runOnlyForDeploymentPostprocessing = 0;
		};
/* End PBXFrameworksBuildPhase section */

/* Begin PBXGroup section */
		4A67754B27D1496600BF6365 = {
			isa = PBXGroup;
			children = (
				4A67755627D1496600BF6365 /* Weather */,
				4A67757027D1496900BF6365 /* WeatherTests */,
				4A67757A27D1496900BF6365 /* WeatherUITests */,
				4A67755527D1496600BF6365 /* Products */,
				C74CC1B48FA4AF88E6877DA4 /* Pods */,
				BFD0EFDBA903266B8B6BBFC1 /* Frameworks */,
			);
			sourceTree = "<group>";
		};
		4A67755527D1496600BF6365 /* Products */ = {
			isa = PBXGroup;
			children = (
				4A67755427D1496600BF6365 /* Weather.app */,
				4A67756D27D1496900BF6365 /* WeatherTests.xctest */,
				4A67757727D1496900BF6365 /* WeatherUITests.xctest */,
			);
			name = Products;
			sourceTree = "<group>";
		};
		4A67755627D1496600BF6365 /* Weather */ = {
			isa = PBXGroup;
			children = (
				4A67758D27D149A000BF6365 /* ViewControllers */,
				4A67758C27D1499400BF6365 /* Cells */,
				4A67758B27D1498600BF6365 /* Models */,
				4A67758A27D1497100BF6365 /* AppUtils */,
				4A67755727D1496600BF6365 /* AppDelegate.swift */,
				4A67755927D1496600BF6365 /* SceneDelegate.swift */,
				4A67756827D1496800BF6365 /* Info.plist */,
				4A67756027D1496600BF6365 /* Weather.xcdatamodeld */,
			);
			path = Weather;
			sourceTree = "<group>";
		};
		4A67757027D1496900BF6365 /* WeatherTests */ = {
			isa = PBXGroup;
			children = (
				4A67757127D1496900BF6365 /* WeatherTests.swift */,
			);
			path = WeatherTests;
			sourceTree = "<group>";
		};
		4A67757A27D1496900BF6365 /* WeatherUITests */ = {
			isa = PBXGroup;
			children = (
				4A67757B27D1496900BF6365 /* WeatherUITests.swift */,
				4A67757D27D1496900BF6365 /* WeatherUITestsLaunchTests.swift */,
			);
			path = WeatherUITests;
			sourceTree = "<group>";
		};
		4A67758A27D1497100BF6365 /* AppUtils */ = {
			isa = PBXGroup;
			children = (
				4A67755D27D1496600BF6365 /* Main.storyboard */,
				4A67756327D1496800BF6365 /* Assets.xcassets */,
				4A67756527D1496800BF6365 /* LaunchScreen.storyboard */,
			);
			path = AppUtils;
			sourceTree = "<group>";
		};
		4A67758B27D1498600BF6365 /* Models */ = {
			isa = PBXGroup;
			children = (
				4A67759F27D14C0600BF6365 /* WeatherForecast.swift */,
				4A6775A127D14C2200BF6365 /* OpenWeather.swift */,
			);
			path = Models;
			sourceTree = "<group>";
		};
		4A67758C27D1499400BF6365 /* Cells */ = {
			isa = PBXGroup;
			children = (
				4A67759827D14BAD00BF6365 /* WeatherForecastCollectionViewCell.swift */,
				4A67759927D14BAD00BF6365 /* WeatherForecastCollectionViewCell.xib */,
				4A67759C27D14BD200BF6365 /* WeatherForecastConstraints.swift */,
			);
			path = Cells;
			sourceTree = "<group>";
		};
		4A67758D27D149A000BF6365 /* ViewControllers */ = {
			isa = PBXGroup;
			children = (
				4A67758E27D14AB100BF6365 /* MainViewController.swift */,
				4A67758F27D14AB100BF6365 /* MainViewController.xib */,
				4A67759227D14B0B00BF6365 /* MainViewControllerConstraints.swift */,
				4A67759427D14B4C00BF6365 /* MainSession.swift */,
				4A67759627D14B7000BF6365 /* MainView+Logic.swift */,
			);
			path = ViewControllers;
			sourceTree = "<group>";
		};
		BFD0EFDBA903266B8B6BBFC1 /* Frameworks */ = {
			isa = PBXGroup;
			children = (
				8F06D4C28FEE4BEDCFE454B8 /* Pods_Weather.framework */,
				4CA1A6078E1F561FA63210BC /* Pods_Weather_WeatherUITests.framework */,
				7D2852179051E612D648261C /* Pods_WeatherTests.framework */,
			);
			name = Frameworks;
			sourceTree = "<group>";
		};
		C74CC1B48FA4AF88E6877DA4 /* Pods */ = {
			isa = PBXGroup;
			children = (
				9241A6C652ED0B8321024660 /* Pods-Weather.debug.xcconfig */,
				7C95E123E6CA636B2CF5C5D8 /* Pods-Weather.release.xcconfig */,
				8A78D2E325F388C3A9AA50C2 /* Pods-Weather-WeatherUITests.debug.xcconfig */,
				747BD2FD8529A4791382AE85 /* Pods-Weather-WeatherUITests.release.xcconfig */,
				B5E72475F624B3D165171EC3 /* Pods-WeatherTests.debug.xcconfig */,
				82D3A6CA9ACD2C0A6BD1A9EE /* Pods-WeatherTests.release.xcconfig */,
			);
			path = Pods;
			sourceTree = "<group>";
		};
/* End PBXGroup section */

/* Begin PBXNativeTarget section */
		4A67755327D1496600BF6365 /* Weather */ = {
			isa = PBXNativeTarget;
			buildConfigurationList = 4A67758127D1496900BF6365 /* Build configuration list for PBXNativeTarget "Weather" */;
			buildPhases = (
				24D9BDB5F82339ACEBEDB17E /* [CP] Check Pods Manifest.lock */,
				4A67755027D1496600BF6365 /* Sources */,
				4A67755127D1496600BF6365 /* Frameworks */,
				4A67755227D1496600BF6365 /* Resources */,
				A9B520073E4684D4A77AE625 /* [CP] Embed Pods Frameworks */,
			);
			buildRules = (
			);
			dependencies = (
			);
			name = Weather;
			productName = Weather;
			productReference = 4A67755427D1496600BF6365 /* Weather.app */;
			productType = "com.apple.product-type.application";
		};
		4A67756C27D1496900BF6365 /* WeatherTests */ = {
			isa = PBXNativeTarget;
			buildConfigurationList = 4A67758427D1496900BF6365 /* Build configuration list for PBXNativeTarget "WeatherTests" */;
			buildPhases = (
				D186AD3836CC5AF9528B9445 /* [CP] Check Pods Manifest.lock */,
				4A67756927D1496900BF6365 /* Sources */,
				4A67756A27D1496900BF6365 /* Frameworks */,
				4A67756B27D1496900BF6365 /* Resources */,
			);
			buildRules = (
			);
			dependencies = (
				4A67756F27D1496900BF6365 /* PBXTargetDependency */,
			);
			name = WeatherTests;
			productName = WeatherTests;
			productReference = 4A67756D27D1496900BF6365 /* WeatherTests.xctest */;
			productType = "com.apple.product-type.bundle.unit-test";
		};
		4A67757627D1496900BF6365 /* WeatherUITests */ = {
			isa = PBXNativeTarget;
			buildConfigurationList = 4A67758727D1496900BF6365 /* Build configuration list for PBXNativeTarget "WeatherUITests" */;
			buildPhases = (
				0577CD97269C218DE87908EC /* [CP] Check Pods Manifest.lock */,
				4A67757327D1496900BF6365 /* Sources */,
				4A67757427D1496900BF6365 /* Frameworks */,
				4A67757527D1496900BF6365 /* Resources */,
				8F81B6EEAC2E81D0D7BA4AC3 /* [CP] Embed Pods Frameworks */,
			);
			buildRules = (
			);
			dependencies = (
				4A67757927D1496900BF6365 /* PBXTargetDependency */,
			);
			name = WeatherUITests;
			productName = WeatherUITests;
			productReference = 4A67757727D1496900BF6365 /* WeatherUITests.xctest */;
			productType = "com.apple.product-type.bundle.ui-testing";
		};
/* End PBXNativeTarget section */

/* Begin PBXProject section */
		4A67754C27D1496600BF6365 /* Project object */ = {
			isa = PBXProject;
			attributes = {
				BuildIndependentTargetsInParallel = 1;
				LastSwiftUpdateCheck = 1300;
				LastUpgradeCheck = 1300;
				TargetAttributes = {
					4A67755327D1496600BF6365 = {
						CreatedOnToolsVersion = 13.0;
					};
					4A67756C27D1496900BF6365 = {
						CreatedOnToolsVersion = 13.0;
						TestTargetID = 4A67755327D1496600BF6365;
					};
					4A67757627D1496900BF6365 = {
						CreatedOnToolsVersion = 13.0;
						TestTargetID = 4A67755327D1496600BF6365;
					};
				};
			};
			buildConfigurationList = 4A67754F27D1496600BF6365 /* Build configuration list for PBXProject "Weather" */;
			compatibilityVersion = "Xcode 13.0";
			developmentRegion = en;
			hasScannedForEncodings = 0;
			knownRegions = (
				en,
				Base,
			);
			mainGroup = 4A67754B27D1496600BF6365;
			productRefGroup = 4A67755527D1496600BF6365 /* Products */;
			projectDirPath = "";
			projectRoot = "";
			targets = (
				4A67755327D1496600BF6365 /* Weather */,
				4A67756C27D1496900BF6365 /* WeatherTests */,
				4A67757627D1496900BF6365 /* WeatherUITests */,
			);
		};
/* End PBXProject section */

/* Begin PBXResourcesBuildPhase section */
		4A67755227D1496600BF6365 /* Resources */ = {
			isa = PBXResourcesBuildPhase;
			buildActionMask = 2147483647;
			files = (
				4A67759B27D14BAD00BF6365 /* WeatherForecastCollectionViewCell.xib in Resources */,
				4A67756727D1496800BF6365 /* LaunchScreen.storyboard in Resources */,
				4A67756427D1496800BF6365 /* Assets.xcassets in Resources */,
				4A67755F27D1496600BF6365 /* Main.storyboard in Resources */,
				4A67759127D14AB100BF6365 /* MainViewController.xib in Resources */,
			);
			runOnlyForDeploymentPostprocessing = 0;
		};
		4A67756B27D1496900BF6365 /* Resources */ = {
			isa = PBXResourcesBuildPhase;
			buildActionMask = 2147483647;
			files = (
			);
			runOnlyForDeploymentPostprocessing = 0;
		};
		4A67757527D1496900BF6365 /* Resources */ = {
			isa = PBXResourcesBuildPhase;
			buildActionMask = 2147483647;
			files = (
			);
			runOnlyForDeploymentPostprocessing = 0;
		};
/* End PBXResourcesBuildPhase section */

/* Begin PBXShellScriptBuildPhase section */
		0577CD97269C218DE87908EC /* [CP] Check Pods Manifest.lock */ = {
			isa = PBXShellScriptBuildPhase;
			buildActionMask = 2147483647;
			files = (
			);
			inputFileListPaths = (
			);
			inputPaths = (
				"${PODS_PODFILE_DIR_PATH}/Podfile.lock",
				"${PODS_ROOT}/Manifest.lock",
			);
			name = "[CP] Check Pods Manifest.lock";
			outputFileListPaths = (
			);
			outputPaths = (
				"$(DERIVED_FILE_DIR)/Pods-Weather-WeatherUITests-checkManifestLockResult.txt",
			);
			runOnlyForDeploymentPostprocessing = 0;
			shellPath = /bin/sh;
			shellScript = "diff \"${PODS_PODFILE_DIR_PATH}/Podfile.lock\" \"${PODS_ROOT}/Manifest.lock\" > /dev/null\nif [ $? != 0 ] ; then\n    # print error to STDERR\n    echo \"error: The sandbox is not in sync with the Podfile.lock. Run 'pod install' or update your CocoaPods installation.\" >&2\n    exit 1\nfi\n# This output is used by Xcode 'outputs' to avoid re-running this script phase.\necho \"SUCCESS\" > \"${SCRIPT_OUTPUT_FILE_0}\"\n";
			showEnvVarsInLog = 0;
		};
		24D9BDB5F82339ACEBEDB17E /* [CP] Check Pods Manifest.lock */ = {
			isa = PBXShellScriptBuildPhase;
			buildActionMask = 2147483647;
			files = (
			);
			inputFileListPaths = (
			);
			inputPaths = (
				"${PODS_PODFILE_DIR_PATH}/Podfile.lock",
				"${PODS_ROOT}/Manifest.lock",
			);
			name = "[CP] Check Pods Manifest.lock";
			outputFileListPaths = (
			);
			outputPaths = (
				"$(DERIVED_FILE_DIR)/Pods-Weather-checkManifestLockResult.txt",
			);
			runOnlyForDeploymentPostprocessing = 0;
			shellPath = /bin/sh;
			shellScript = "diff \"${PODS_PODFILE_DIR_PATH}/Podfile.lock\" \"${PODS_ROOT}/Manifest.lock\" > /dev/null\nif [ $? != 0 ] ; then\n    # print error to STDERR\n    echo \"error: The sandbox is not in sync with the Podfile.lock. Run 'pod install' or update your CocoaPods installation.\" >&2\n    exit 1\nfi\n# This output is used by Xcode 'outputs' to avoid re-running this script phase.\necho \"SUCCESS\" > \"${SCRIPT_OUTPUT_FILE_0}\"\n";
			showEnvVarsInLog = 0;
		};
		8F81B6EEAC2E81D0D7BA4AC3 /* [CP] Embed Pods Frameworks */ = {
			isa = PBXShellScriptBuildPhase;
			buildActionMask = 2147483647;
			files = (
			);
			inputFileListPaths = (
				"${PODS_ROOT}/Target Support Files/Pods-Weather-WeatherUITests/Pods-Weather-WeatherUITests-frameworks-${CONFIGURATION}-input-files.xcfilelist",
			);
			name = "[CP] Embed Pods Frameworks";
			outputFileListPaths = (
				"${PODS_ROOT}/Target Support Files/Pods-Weather-WeatherUITests/Pods-Weather-WeatherUITests-frameworks-${CONFIGURATION}-output-files.xcfilelist",
			);
			runOnlyForDeploymentPostprocessing = 0;
			shellPath = /bin/sh;
			shellScript = "\"${PODS_ROOT}/Target Support Files/Pods-Weather-WeatherUITests/Pods-Weather-WeatherUITests-frameworks.sh\"\n";
			showEnvVarsInLog = 0;
		};
		A9B520073E4684D4A77AE625 /* [CP] Embed Pods Frameworks */ = {
			isa = PBXShellScriptBuildPhase;
			buildActionMask = 2147483647;
			files = (
			);
			inputFileListPaths = (
				"${PODS_ROOT}/Target Support Files/Pods-Weather/Pods-Weather-frameworks-${CONFIGURATION}-input-files.xcfilelist",
			);
			name = "[CP] Embed Pods Frameworks";
			outputFileListPaths = (
				"${PODS_ROOT}/Target Support Files/Pods-Weather/Pods-Weather-frameworks-${CONFIGURATION}-output-files.xcfilelist",
			);
			runOnlyForDeploymentPostprocessing = 0;
			shellPath = /bin/sh;
			shellScript = "\"${PODS_ROOT}/Target Support Files/Pods-Weather/Pods-Weather-frameworks.sh\"\n";
			showEnvVarsInLog = 0;
		};
		D186AD3836CC5AF9528B9445 /* [CP] Check Pods Manifest.lock */ = {
			isa = PBXShellScriptBuildPhase;
			buildActionMask = 2147483647;
			files = (
			);
			inputFileListPaths = (
			);
			inputPaths = (
				"${PODS_PODFILE_DIR_PATH}/Podfile.lock",
				"${PODS_ROOT}/Manifest.lock",
			);
			name = "[CP] Check Pods Manifest.lock";
			outputFileListPaths = (
			);
			outputPaths = (
				"$(DERIVED_FILE_DIR)/Pods-WeatherTests-checkManifestLockResult.txt",
			);
			runOnlyForDeploymentPostprocessing = 0;
			shellPath = /bin/sh;
			shellScript = "diff \"${PODS_PODFILE_DIR_PATH}/Podfile.lock\" \"${PODS_ROOT}/Manifest.lock\" > /dev/null\nif [ $? != 0 ] ; then\n    # print error to STDERR\n    echo \"error: The sandbox is not in sync with the Podfile.lock. Run 'pod install' or update your CocoaPods installation.\" >&2\n    exit 1\nfi\n# This output is used by Xcode 'outputs' to avoid re-running this script phase.\necho \"SUCCESS\" > \"${SCRIPT_OUTPUT_FILE_0}\"\n";
			showEnvVarsInLog = 0;
		};
/* End PBXShellScriptBuildPhase section */

/* Begin PBXSourcesBuildPhase section */
		4A67755027D1496600BF6365 /* Sources */ = {
			isa = PBXSourcesBuildPhase;
			buildActionMask = 2147483647;
			files = (
				4A67759A27D14BAD00BF6365 /* WeatherForecastCollectionViewCell.swift in Sources */,
				4A6775A027D14C0600BF6365 /* WeatherForecast.swift in Sources */,
				4A67756227D1496600BF6365 /* Weather.xcdatamodeld in Sources */,
				4A67759727D14B7000BF6365 /* MainView+Logic.swift in Sources */,
				4A67755827D1496600BF6365 /* AppDelegate.swift in Sources */,
				4A67759327D14B0B00BF6365 /* MainViewControllerConstraints.swift in Sources */,
				4A67759527D14B4C00BF6365 /* MainSession.swift in Sources */,
				4A67755A27D1496600BF6365 /* SceneDelegate.swift in Sources */,
				4A6775A227D14C2200BF6365 /* OpenWeather.swift in Sources */,
				4A67759027D14AB100BF6365 /* MainViewController.swift in Sources */,
				4A67759D27D14BD200BF6365 /* WeatherForecastConstraints.swift in Sources */,
			);
			runOnlyForDeploymentPostprocessing = 0;
		};
		4A67756927D1496900BF6365 /* Sources */ = {
			isa = PBXSourcesBuildPhase;
			buildActionMask = 2147483647;
			files = (
				4A67757227D1496900BF6365 /* WeatherTests.swift in Sources */,
			);
			runOnlyForDeploymentPostprocessing = 0;
		};
		4A67757327D1496900BF6365 /* Sources */ = {
			isa = PBXSourcesBuildPhase;
			buildActionMask = 2147483647;
			files = (
				4A67757C27D1496900BF6365 /* WeatherUITests.swift in Sources */,
				4A67757E27D1496900BF6365 /* WeatherUITestsLaunchTests.swift in Sources */,
			);
			runOnlyForDeploymentPostprocessing = 0;
		};
/* End PBXSourcesBuildPhase section */

/* Begin PBXTargetDependency section */
		4A67756F27D1496900BF6365 /* PBXTargetDependency */ = {
			isa = PBXTargetDependency;
			target = 4A67755327D1496600BF6365 /* Weather */;
			targetProxy = 4A67756E27D1496900BF6365 /* PBXContainerItemProxy */;
		};
		4A67757927D1496900BF6365 /* PBXTargetDependency */ = {
			isa = PBXTargetDependency;
			target = 4A67755327D1496600BF6365 /* Weather */;
			targetProxy = 4A67757827D1496900BF6365 /* PBXContainerItemProxy */;
		};
/* End PBXTargetDependency section */

/* Begin PBXVariantGroup section */
		4A67755D27D1496600BF6365 /* Main.storyboard */ = {
			isa = PBXVariantGroup;
			children = (
				4A67755E27D1496600BF6365 /* Base */,
			);
			name = Main.storyboard;
			sourceTree = "<group>";
		};
		4A67756527D1496800BF6365 /* LaunchScreen.storyboard */ = {
			isa = PBXVariantGroup;
			children = (
				4A67756627D1496800BF6365 /* Base */,
			);
			name = LaunchScreen.storyboard;
			sourceTree = "<group>";
		};
/* End PBXVariantGroup section */

/* Begin XCBuildConfiguration section */
		4A67757F27D1496900BF6365 /* Debug */ = {
			isa = XCBuildConfiguration;
			buildSettings = {
				ALWAYS_SEARCH_USER_PATHS = NO;
				CLANG_ANALYZER_NONNULL = YES;
				CLANG_ANALYZER_NUMBER_OBJECT_CONVERSION = YES_AGGRESSIVE;
				CLANG_CXX_LANGUAGE_STANDARD = "gnu++17";
				CLANG_CXX_LIBRARY = "libc++";
				CLANG_ENABLE_MODULES = YES;
				CLANG_ENABLE_OBJC_ARC = YES;
				CLANG_ENABLE_OBJC_WEAK = YES;
				CLANG_WARN_BLOCK_CAPTURE_AUTORELEASING = YES;
				CLANG_WARN_BOOL_CONVERSION = YES;
				CLANG_WARN_COMMA = YES;
				CLANG_WARN_CONSTANT_CONVERSION = YES;
				CLANG_WARN_DEPRECATED_OBJC_IMPLEMENTATIONS = YES;
				CLANG_WARN_DIRECT_OBJC_ISA_USAGE = YES_ERROR;
				CLANG_WARN_DOCUMENTATION_COMMENTS = YES;
				CLANG_WARN_EMPTY_BODY = YES;
				CLANG_WARN_ENUM_CONVERSION = YES;
				CLANG_WARN_INFINITE_RECURSION = YES;
				CLANG_WARN_INT_CONVERSION = YES;
				CLANG_WARN_NON_LITERAL_NULL_CONVERSION = YES;
				CLANG_WARN_OBJC_IMPLICIT_RETAIN_SELF = YES;
				CLANG_WARN_OBJC_LITERAL_CONVERSION = YES;
				CLANG_WARN_OBJC_ROOT_CLASS = YES_ERROR;
				CLANG_WARN_QUOTED_INCLUDE_IN_FRAMEWORK_HEADER = YES;
				CLANG_WARN_RANGE_LOOP_ANALYSIS = YES;
				CLANG_WARN_STRICT_PROTOTYPES = YES;
				CLANG_WARN_SUSPICIOUS_MOVE = YES;
				CLANG_WARN_UNGUARDED_AVAILABILITY = YES_AGGRESSIVE;
				CLANG_WARN_UNREACHABLE_CODE = YES;
				CLANG_WARN__DUPLICATE_METHOD_MATCH = YES;
				COPY_PHASE_STRIP = NO;
				DEBUG_INFORMATION_FORMAT = dwarf;
				ENABLE_STRICT_OBJC_MSGSEND = YES;
				ENABLE_TESTABILITY = YES;
				GCC_C_LANGUAGE_STANDARD = gnu11;
				GCC_DYNAMIC_NO_PIC = NO;
				GCC_NO_COMMON_BLOCKS = YES;
				GCC_OPTIMIZATION_LEVEL = 0;
				GCC_PREPROCESSOR_DEFINITIONS = (
					"DEBUG=1",
					"$(inherited)",
				);
				GCC_WARN_64_TO_32_BIT_CONVERSION = YES;
				GCC_WARN_ABOUT_RETURN_TYPE = YES_ERROR;
				GCC_WARN_UNDECLARED_SELECTOR = YES;
				GCC_WARN_UNINITIALIZED_AUTOS = YES_AGGRESSIVE;
				GCC_WARN_UNUSED_FUNCTION = YES;
				GCC_WARN_UNUSED_VARIABLE = YES;
				IPHONEOS_DEPLOYMENT_TARGET = 15.0;
				MTL_ENABLE_DEBUG_INFO = INCLUDE_SOURCE;
				MTL_FAST_MATH = YES;
				ONLY_ACTIVE_ARCH = YES;
				SDKROOT = iphoneos;
				SWIFT_ACTIVE_COMPILATION_CONDITIONS = DEBUG;
				SWIFT_OPTIMIZATION_LEVEL = "-Onone";
			};
			name = Debug;
		};
		4A67758027D1496900BF6365 /* Release */ = {
			isa = XCBuildConfiguration;
			buildSettings = {
				ALWAYS_SEARCH_USER_PATHS = NO;
				CLANG_ANALYZER_NONNULL = YES;
				CLANG_ANALYZER_NUMBER_OBJECT_CONVERSION = YES_AGGRESSIVE;
				CLANG_CXX_LANGUAGE_STANDARD = "gnu++17";
				CLANG_CXX_LIBRARY = "libc++";
				CLANG_ENABLE_MODULES = YES;
				CLANG_ENABLE_OBJC_ARC = YES;
				CLANG_ENABLE_OBJC_WEAK = YES;
				CLANG_WARN_BLOCK_CAPTURE_AUTORELEASING = YES;
				CLANG_WARN_BOOL_CONVERSION = YES;
				CLANG_WARN_COMMA = YES;
				CLANG_WARN_CONSTANT_CONVERSION = YES;
				CLANG_WARN_DEPRECATED_OBJC_IMPLEMENTATIONS = YES;
				CLANG_WARN_DIRECT_OBJC_ISA_USAGE = YES_ERROR;
				CLANG_WARN_DOCUMENTATION_COMMENTS = YES;
				CLANG_WARN_EMPTY_BODY = YES;
				CLANG_WARN_ENUM_CONVERSION = YES;
				CLANG_WARN_INFINITE_RECURSION = YES;
				CLANG_WARN_INT_CONVERSION = YES;
				CLANG_WARN_NON_LITERAL_NULL_CONVERSION = YES;
				CLANG_WARN_OBJC_IMPLICIT_RETAIN_SELF = YES;
				CLANG_WARN_OBJC_LITERAL_CONVERSION = YES;
				CLANG_WARN_OBJC_ROOT_CLASS = YES_ERROR;
				CLANG_WARN_QUOTED_INCLUDE_IN_FRAMEWORK_HEADER = YES;
				CLANG_WARN_RANGE_LOOP_ANALYSIS = YES;
				CLANG_WARN_STRICT_PROTOTYPES = YES;
				CLANG_WARN_SUSPICIOUS_MOVE = YES;
				CLANG_WARN_UNGUARDED_AVAILABILITY = YES_AGGRESSIVE;
				CLANG_WARN_UNREACHABLE_CODE = YES;
				CLANG_WARN__DUPLICATE_METHOD_MATCH = YES;
				COPY_PHASE_STRIP = NO;
				DEBUG_INFORMATION_FORMAT = "dwarf-with-dsym";
				ENABLE_NS_ASSERTIONS = NO;
				ENABLE_STRICT_OBJC_MSGSEND = YES;
				GCC_C_LANGUAGE_STANDARD = gnu11;
				GCC_NO_COMMON_BLOCKS = YES;
				GCC_WARN_64_TO_32_BIT_CONVERSION = YES;
				GCC_WARN_ABOUT_RETURN_TYPE = YES_ERROR;
				GCC_WARN_UNDECLARED_SELECTOR = YES;
				GCC_WARN_UNINITIALIZED_AUTOS = YES_AGGRESSIVE;
				GCC_WARN_UNUSED_FUNCTION = YES;
				GCC_WARN_UNUSED_VARIABLE = YES;
				IPHONEOS_DEPLOYMENT_TARGET = 15.0;
				MTL_ENABLE_DEBUG_INFO = NO;
				MTL_FAST_MATH = YES;
				SDKROOT = iphoneos;
				SWIFT_COMPILATION_MODE = wholemodule;
				SWIFT_OPTIMIZATION_LEVEL = "-O";
				VALIDATE_PRODUCT = YES;
			};
			name = Release;
		};
		4A67758227D1496900BF6365 /* Debug */ = {
			isa = XCBuildConfiguration;
			baseConfigurationReference = 9241A6C652ED0B8321024660 /* Pods-Weather.debug.xcconfig */;
			buildSettings = {
				ASSETCATALOG_COMPILER_APPICON_NAME = AppIcon;
				ASSETCATALOG_COMPILER_GLOBAL_ACCENT_COLOR_NAME = AccentColor;
				CODE_SIGN_STYLE = Automatic;
				CURRENT_PROJECT_VERSION = 1;
				GENERATE_INFOPLIST_FILE = YES;
				INFOPLIST_FILE = Weather/Info.plist;
				INFOPLIST_KEY_UIApplicationSupportsIndirectInputEvents = YES;
				INFOPLIST_KEY_UILaunchStoryboardName = LaunchScreen;
				INFOPLIST_KEY_UIMainStoryboardFile = Main;
				INFOPLIST_KEY_UISupportedInterfaceOrientations_iPad = "UIInterfaceOrientationPortrait UIInterfaceOrientationPortraitUpsideDown UIInterfaceOrientationLandscapeLeft UIInterfaceOrientationLandscapeRight";
				INFOPLIST_KEY_UISupportedInterfaceOrientations_iPhone = "UIInterfaceOrientationPortrait UIInterfaceOrientationLandscapeLeft UIInterfaceOrientationLandscapeRight";
				LD_RUNPATH_SEARCH_PATHS = (
					"$(inherited)",
					"@executable_path/Frameworks",
				);
				MARKETING_VERSION = 1.0;
				PRODUCT_BUNDLE_IDENTIFIER = some.Weather;
				PRODUCT_NAME = "$(TARGET_NAME)";
				SWIFT_EMIT_LOC_STRINGS = YES;
				SWIFT_VERSION = 5.0;
				TARGETED_DEVICE_FAMILY = "1,2";
			};
			name = Debug;
		};
		4A67758327D1496900BF6365 /* Release */ = {
			isa = XCBuildConfiguration;
			baseConfigurationReference = 7C95E123E6CA636B2CF5C5D8 /* Pods-Weather.release.xcconfig */;
			buildSettings = {
				ASSETCATALOG_COMPILER_APPICON_NAME = AppIcon;
				ASSETCATALOG_COMPILER_GLOBAL_ACCENT_COLOR_NAME = AccentColor;
				CODE_SIGN_STYLE = Automatic;
				CURRENT_PROJECT_VERSION = 1;
				GENERATE_INFOPLIST_FILE = YES;
				INFOPLIST_FILE = Weather/Info.plist;
				INFOPLIST_KEY_UIApplicationSupportsIndirectInputEvents = YES;
				INFOPLIST_KEY_UILaunchStoryboardName = LaunchScreen;
				INFOPLIST_KEY_UIMainStoryboardFile = Main;
				INFOPLIST_KEY_UISupportedInterfaceOrientations_iPad = "UIInterfaceOrientationPortrait UIInterfaceOrientationPortraitUpsideDown UIInterfaceOrientationLandscapeLeft UIInterfaceOrientationLandscapeRight";
				INFOPLIST_KEY_UISupportedInterfaceOrientations_iPhone = "UIInterfaceOrientationPortrait UIInterfaceOrientationLandscapeLeft UIInterfaceOrientationLandscapeRight";
				LD_RUNPATH_SEARCH_PATHS = (
					"$(inherited)",
					"@executable_path/Frameworks",
				);
				MARKETING_VERSION = 1.0;
				PRODUCT_BUNDLE_IDENTIFIER = some.Weather;
				PRODUCT_NAME = "$(TARGET_NAME)";
				SWIFT_EMIT_LOC_STRINGS = YES;
				SWIFT_VERSION = 5.0;
				TARGETED_DEVICE_FAMILY = "1,2";
			};
			name = Release;
		};
		4A67758527D1496900BF6365 /* Debug */ = {
			isa = XCBuildConfiguration;
			baseConfigurationReference = B5E72475F624B3D165171EC3 /* Pods-WeatherTests.debug.xcconfig */;
			buildSettings = {
				ALWAYS_EMBED_SWIFT_STANDARD_LIBRARIES = YES;
				BUNDLE_LOADER = "$(TEST_HOST)";
				CODE_SIGN_STYLE = Automatic;
				CURRENT_PROJECT_VERSION = 1;
				GENERATE_INFOPLIST_FILE = YES;
				IPHONEOS_DEPLOYMENT_TARGET = 15.0;
				LD_RUNPATH_SEARCH_PATHS = (
					"$(inherited)",
					"@executable_path/Frameworks",
					"@loader_path/Frameworks",
				);
				MARKETING_VERSION = 1.0;
				PRODUCT_BUNDLE_IDENTIFIER = some.WeatherTests;
				PRODUCT_NAME = "$(TARGET_NAME)";
				SWIFT_EMIT_LOC_STRINGS = NO;
				SWIFT_VERSION = 5.0;
				TARGETED_DEVICE_FAMILY = "1,2";
				TEST_HOST = "$(BUILT_PRODUCTS_DIR)/Weather.app/Weather";
			};
			name = Debug;
		};
		4A67758627D1496900BF6365 /* Release */ = {
			isa = XCBuildConfiguration;
			baseConfigurationReference = 82D3A6CA9ACD2C0A6BD1A9EE /* Pods-WeatherTests.release.xcconfig */;
			buildSettings = {
				ALWAYS_EMBED_SWIFT_STANDARD_LIBRARIES = YES;
				BUNDLE_LOADER = "$(TEST_HOST)";
				CODE_SIGN_STYLE = Automatic;
				CURRENT_PROJECT_VERSION = 1;
				GENERATE_INFOPLIST_FILE = YES;
				IPHONEOS_DEPLOYMENT_TARGET = 15.0;
				LD_RUNPATH_SEARCH_PATHS = (
					"$(inherited)",
					"@executable_path/Frameworks",
					"@loader_path/Frameworks",
				);
				MARKETING_VERSION = 1.0;
				PRODUCT_BUNDLE_IDENTIFIER = some.WeatherTests;
				PRODUCT_NAME = "$(TARGET_NAME)";
				SWIFT_EMIT_LOC_STRINGS = NO;
				SWIFT_VERSION = 5.0;
				TARGETED_DEVICE_FAMILY = "1,2";
				TEST_HOST = "$(BUILT_PRODUCTS_DIR)/Weather.app/Weather";
			};
			name = Release;
		};
		4A67758827D1496900BF6365 /* Debug */ = {
			isa = XCBuildConfiguration;
			baseConfigurationReference = 8A78D2E325F388C3A9AA50C2 /* Pods-Weather-WeatherUITests.debug.xcconfig */;
			buildSettings = {
				ALWAYS_EMBED_SWIFT_STANDARD_LIBRARIES = YES;
				CODE_SIGN_STYLE = Automatic;
				CURRENT_PROJECT_VERSION = 1;
				GENERATE_INFOPLIST_FILE = YES;
				LD_RUNPATH_SEARCH_PATHS = (
					"$(inherited)",
					"@executable_path/Frameworks",
					"@loader_path/Frameworks",
				);
				MARKETING_VERSION = 1.0;
				PRODUCT_BUNDLE_IDENTIFIER = some.WeatherUITests;
				PRODUCT_NAME = "$(TARGET_NAME)";
				SWIFT_EMIT_LOC_STRINGS = NO;
				SWIFT_VERSION = 5.0;
				TARGETED_DEVICE_FAMILY = "1,2";
				TEST_TARGET_NAME = Weather;
			};
			name = Debug;
		};
		4A67758927D1496900BF6365 /* Release */ = {
			isa = XCBuildConfiguration;
			baseConfigurationReference = 747BD2FD8529A4791382AE85 /* Pods-Weather-WeatherUITests.release.xcconfig */;
			buildSettings = {
				ALWAYS_EMBED_SWIFT_STANDARD_LIBRARIES = YES;
				CODE_SIGN_STYLE = Automatic;
				CURRENT_PROJECT_VERSION = 1;
				GENERATE_INFOPLIST_FILE = YES;
				LD_RUNPATH_SEARCH_PATHS = (
					"$(inherited)",
					"@executable_path/Frameworks",
					"@loader_path/Frameworks",
				);
				MARKETING_VERSION = 1.0;
				PRODUCT_BUNDLE_IDENTIFIER = some.WeatherUITests;
				PRODUCT_NAME = "$(TARGET_NAME)";
				SWIFT_EMIT_LOC_STRINGS = NO;
				SWIFT_VERSION = 5.0;
				TARGETED_DEVICE_FAMILY = "1,2";
				TEST_TARGET_NAME = Weather;
			};
			name = Release;
		};
/* End XCBuildConfiguration section */

/* Begin XCConfigurationList section */
		4A67754F27D1496600BF6365 /* Build configuration list for PBXProject "Weather" */ = {
			isa = XCConfigurationList;
			buildConfigurations = (
				4A67757F27D1496900BF6365 /* Debug */,
				4A67758027D1496900BF6365 /* Release */,
			);
			defaultConfigurationIsVisible = 0;
			defaultConfigurationName = Release;
		};
		4A67758127D1496900BF6365 /* Build configuration list for PBXNativeTarget "Weather" */ = {
			isa = XCConfigurationList;
			buildConfigurations = (
				4A67758227D1496900BF6365 /* Debug */,
				4A67758327D1496900BF6365 /* Release */,
			);
			defaultConfigurationIsVisible = 0;
			defaultConfigurationName = Release;
		};
		4A67758427D1496900BF6365 /* Build configuration list for PBXNativeTarget "WeatherTests" */ = {
			isa = XCConfigurationList;
			buildConfigurations = (
				4A67758527D1496900BF6365 /* Debug */,
				4A67758627D1496900BF6365 /* Release */,
			);
			defaultConfigurationIsVisible = 0;
			defaultConfigurationName = Release;
		};
		4A67758727D1496900BF6365 /* Build configuration list for PBXNativeTarget "WeatherUITests" */ = {
			isa = XCConfigurationList;
			buildConfigurations = (
				4A67758827D1496900BF6365 /* Debug */,
				4A67758927D1496900BF6365 /* Release */,
			);
			defaultConfigurationIsVisible = 0;
			defaultConfigurationName = Release;
		};
/* End XCConfigurationList section */

/* Begin XCVersionGroup section */
		4A67756027D1496600BF6365 /* Weather.xcdatamodeld */ = {
			isa = XCVersionGroup;
			children = (
				4A67756127D1496600BF6365 /* Weather.xcdatamodel */,
			);
			currentVersion = 4A67756127D1496600BF6365 /* Weather.xcdatamodel */;
			path = Weather.xcdatamodeld;
			sourceTree = "<group>";
			versionGroupType = wrapper.xcdatamodel;
		};
/* End XCVersionGroup section */
	};
	rootObject = 4A67754C27D1496600BF6365 /* Project object */;
}
